
Microsoft Visual Studio Solution File, Format Version 12.00
# Visual Studio 15
VisualStudioVersion = 15.0.28307.572
MinimumVisualStudioVersion = 10.0.40219.1
Project("{9A19103F-16F7-4668-BE54-9A1E7A4F7556}") = "LanguageGo", "LanguageGo\LanguageGo.csproj", "{8B5A4002-2149-4E47-A92A-BB5BFC77A5C3}"
EndProject
Project("{FAE04EC0-301F-11D3-BF4B-00C04F79EFBC}") = "WpfAppClassic", "Test Apps\Wpf\WpfAppClassic\WpfAppClassic.csproj", "{45AEC18D-DB90-4270-86E5-45B456CB4426}"
EndProject
Project("{2150E333-8FDC-42A3-9474-1A3956D46DE8}") = "Test Apps", "Test Apps", "{22AAF860-A68C-4FFB-8DF6-2385609D6198}"
EndProject
Project("{FAE04EC0-301F-11D3-BF4B-00C04F79EFBC}") = "WpfAppMvvm", "Test Apps\Wpf\WpfAppMvvm\WpfAppMvvm.csproj", "{F869D97A-4E98-4C7A-A9EC-B95501F1BADE}"
EndProject
Project("{2150E333-8FDC-42A3-9474-1A3956D46DE8}") = "WPF", "WPF", "{3D323198-60F0-483E-BE4A-FD5F4907ACA0}"
EndProject
Project("{2150E333-8FDC-42A3-9474-1A3956D46DE8}") = "Xamarin", "Xamarin", "{1FDC587E-FEB1-4A2C-A0D4-7A59FE1C1289}"
EndProject
Project("{2150E333-8FDC-42A3-9474-1A3956D46DE8}") = "Classic", "Classic", "{45EF8319-42E9-4095-8914-0EE539FA5711}"
EndProject
Project("{2150E333-8FDC-42A3-9474-1A3956D46DE8}") = "Mvvm", "Mvvm", "{1C07D887-4667-4622-8E6E-1A3BC33B4B48}"
EndProject
Project("{FAE04EC0-301F-11D3-BF4B-00C04F79EFBC}") = "XamarinMvvm.Android", "Test Apps\Xamarin\XamarinAppMvvm\XamarinMvvm\XamarinMvvm.Android\XamarinMvvm.Android.csproj", "{0BBFD8A4-8E13-4C65-BD61-154D447705BA}"
EndProject
Project("{FAE04EC0-301F-11D3-BF4B-00C04F79EFBC}") = "XamarinMvvm.iOS", "Test Apps\Xamarin\XamarinAppMvvm\XamarinMvvm\XamarinMvvm.iOS\XamarinMvvm.iOS.csproj", "{6F9E16B6-0447-4D80-AA0B-C97F921EB2C7}"
EndProject
Project("{9A19103F-16F7-4668-BE54-9A1E7A4F7556}") = "XamarinMvvm", "Test Apps\Xamarin\XamarinAppMvvm\XamarinMvvm\XamarinMvvm\XamarinMvvm.csproj", "{ECAEA3A2-85BF-482D-A818-47879B4CA259}"
EndProject
Project("{FAE04EC0-301F-11D3-BF4B-00C04F79EFBC}") = "LanguageGoWPF", "LanguageGoWPF\LanguageGoWPF.csproj", "{7771665D-434A-4B95-A1C1-9C9DB1997B64}"
EndProject
Project("{9A19103F-16F7-4668-BE54-9A1E7A4F7556}") = "MyAppLanguages", "MyAppLanguages\MyAppLanguages.csproj", "{4EB8CFD2-D2BF-4AE1-A9A2-5509B312CE03}"
EndProject
Project("{2150E333-8FDC-42A3-9474-1A3956D46DE8}") = "Existing Projects", "Existing Projects", "{C8E0081F-9CF4-4B45-A291-2E0E1F373DCF}"
EndProject
Project("{FAE04EC0-301F-11D3-BF4B-00C04F79EFBC}") = "MvvmGo.WindowsWPF", "..\MvvmGo\MvvmGo.WindowsWPF\MvvmGo.WindowsWPF.csproj", "{E0FE3FD2-24DC-4FF2-A8F2-16127510EEAD}"
EndProject
Project("{9A19103F-16F7-4668-BE54-9A1E7A4F7556}") = "MvvmGo", "..\MvvmGo\MvvmGo\MvvmGo.csproj", "{90472EEF-DC6A-4A01-AD81-0F46373D4CCF}"
EndProject
Project("{9A19103F-16F7-4668-BE54-9A1E7A4F7556}") = "LanguageGoXamarin", "LanguageGoXamarin\LanguageGoXamarin.csproj", "{7735527F-5F43-44EC-B526-FEB25EFE44FD}"
EndProject
Project("{D954291E-2A0B-460D-934E-DC6B0785DB48}") = "XamarinAppClassic", "Test Apps\Xamarin\XamarinAppClassic\XamarinAppClassic\XamarinAppClassic.shproj", "{A8CBA074-FB4F-436C-8B40-F1388C13AC94}"
EndProject
Project("{FAE04EC0-301F-11D3-BF4B-00C04F79EFBC}") = "XamarinAppClassic.Android", "Test Apps\Xamarin\XamarinAppClassic\XamarinAppClassic.Android\XamarinAppClassic.Android.csproj", "{C3AD75D0-F594-4972-8E51-CC970B69A134}"
EndProject
Project("{FAE04EC0-301F-11D3-BF4B-00C04F79EFBC}") = "XamarinAppClassic.iOS", "Test Apps\Xamarin\XamarinAppClassic\XamarinAppClassic.iOS\XamarinAppClassic.iOS.csproj", "{94F11492-04AC-455C-9FB8-52339421F5C2}"
EndProject
Global
	GlobalSection(SharedMSBuildProjectFiles) = preSolution
		Test Apps\Xamarin\XamarinAppClassic\XamarinAppClassic\XamarinAppClassic.projitems*{94f11492-04ac-455c-9fb8-52339421f5c2}*SharedItemsImports = 4
		Test Apps\Xamarin\XamarinAppClassic\XamarinAppClassic\XamarinAppClassic.projitems*{a8cba074-fb4f-436c-8b40-f1388c13ac94}*SharedItemsImports = 13
		Test Apps\Xamarin\XamarinAppClassic\XamarinAppClassic\XamarinAppClassic.projitems*{c3ad75d0-f594-4972-8e51-cc970b69a134}*SharedItemsImports = 4
	EndGlobalSection
	GlobalSection(SolutionConfigurationPlatforms) = preSolution
		Ad-Hoc|Any CPU = Ad-Hoc|Any CPU
		Ad-Hoc|iPhone = Ad-Hoc|iPhone
		Ad-Hoc|iPhoneSimulator = Ad-Hoc|iPhoneSimulator
		AppStore|Any CPU = AppStore|Any CPU
		AppStore|iPhone = AppStore|iPhone
		AppStore|iPhoneSimulator = AppStore|iPhoneSimulator
		Debug|Any CPU = Debug|Any CPU
		Debug|iPhone = Debug|iPhone
		Debug|iPhoneSimulator = Debug|iPhoneSimulator
		Release|Any CPU = Release|Any CPU
		Release|iPhone = Release|iPhone
		Release|iPhoneSimulator = Release|iPhoneSimulator
	EndGlobalSection
	GlobalSection(ProjectConfigurationPlatforms) = postSolution
		{8B5A4002-2149-4E47-A92A-BB5BFC77A5C3}.Ad-Hoc|Any CPU.ActiveCfg = Release|Any CPU
		{8B5A4002-2149-4E47-A92A-BB5BFC77A5C3}.Ad-Hoc|Any CPU.Build.0 = Release|Any CPU
		{8B5A4002-2149-4E47-A92A-BB5BFC77A5C3}.Ad-Hoc|iPhone.ActiveCfg = Release|Any CPU
		{8B5A4002-2149-4E47-A92A-BB5BFC77A5C3}.Ad-Hoc|iPhone.Build.0 = Release|Any CPU
		{8B5A4002-2149-4E47-A92A-BB5BFC77A5C3}.Ad-Hoc|iPhoneSimulator.ActiveCfg = Release|Any CPU
		{8B5A4002-2149-4E47-A92A-BB5BFC77A5C3}.Ad-Hoc|iPhoneSimulator.Build.0 = Release|Any CPU
		{8B5A4002-2149-4E47-A92A-BB5BFC77A5C3}.AppStore|Any CPU.ActiveCfg = Release|Any CPU
		{8B5A4002-2149-4E47-A92A-BB5BFC77A5C3}.AppStore|Any CPU.Build.0 = Release|Any CPU
		{8B5A4002-2149-4E47-A92A-BB5BFC77A5C3}.AppStore|iPhone.ActiveCfg = Release|Any CPU
		{8B5A4002-2149-4E47-A92A-BB5BFC77A5C3}.AppStore|iPhone.Build.0 = Release|Any CPU
		{8B5A4002-2149-4E47-A92A-BB5BFC77A5C3}.AppStore|iPhoneSimulator.ActiveCfg = Release|Any CPU
		{8B5A4002-2149-4E47-A92A-BB5BFC77A5C3}.AppStore|iPhoneSimulator.Build.0 = Release|Any CPU
		{8B5A4002-2149-4E47-A92A-BB5BFC77A5C3}.Debug|Any CPU.ActiveCfg = Debug|Any CPU
		{8B5A4002-2149-4E47-A92A-BB5BFC77A5C3}.Debug|Any CPU.Build.0 = Debug|Any CPU
		{8B5A4002-2149-4E47-A92A-BB5BFC77A5C3}.Debug|iPhone.ActiveCfg = Debug|Any CPU
		{8B5A4002-2149-4E47-A92A-BB5BFC77A5C3}.Debug|iPhone.Build.0 = Debug|Any CPU
		{8B5A4002-2149-4E47-A92A-BB5BFC77A5C3}.Debug|iPhoneSimulator.ActiveCfg = Debug|Any CPU
		{8B5A4002-2149-4E47-A92A-BB5BFC77A5C3}.Debug|iPhoneSimulator.Build.0 = Debug|Any CPU
		{8B5A4002-2149-4E47-A92A-BB5BFC77A5C3}.Release|Any CPU.ActiveCfg = Release|Any CPU
		{8B5A4002-2149-4E47-A92A-BB5BFC77A5C3}.Release|Any CPU.Build.0 = Release|Any CPU
		{8B5A4002-2149-4E47-A92A-BB5BFC77A5C3}.Release|iPhone.ActiveCfg = Release|Any CPU
		{8B5A4002-2149-4E47-A92A-BB5BFC77A5C3}.Release|iPhone.Build.0 = Release|Any CPU
		{8B5A4002-2149-4E47-A92A-BB5BFC77A5C3}.Release|iPhoneSimulator.ActiveCfg = Release|Any CPU
		{8B5A4002-2149-4E47-A92A-BB5BFC77A5C3}.Release|iPhoneSimulator.Build.0 = Release|Any CPU
		{45AEC18D-DB90-4270-86E5-45B456CB4426}.Ad-Hoc|Any CPU.ActiveCfg = Release|Any CPU
		{45AEC18D-DB90-4270-86E5-45B456CB4426}.Ad-Hoc|Any CPU.Build.0 = Release|Any CPU
		{45AEC18D-DB90-4270-86E5-45B456CB4426}.Ad-Hoc|iPhone.ActiveCfg = Release|Any CPU
		{45AEC18D-DB90-4270-86E5-45B456CB4426}.Ad-Hoc|iPhone.Build.0 = Release|Any CPU
		{45AEC18D-DB90-4270-86E5-45B456CB4426}.Ad-Hoc|iPhoneSimulator.ActiveCfg = Release|Any CPU
		{45AEC18D-DB90-4270-86E5-45B456CB4426}.Ad-Hoc|iPhoneSimulator.Build.0 = Release|Any CPU
		{45AEC18D-DB90-4270-86E5-45B456CB4426}.AppStore|Any CPU.ActiveCfg = Release|Any CPU
		{45AEC18D-DB90-4270-86E5-45B456CB4426}.AppStore|Any CPU.Build.0 = Release|Any CPU
		{45AEC18D-DB90-4270-86E5-45B456CB4426}.AppStore|iPhone.ActiveCfg = Release|Any CPU
		{45AEC18D-DB90-4270-86E5-45B456CB4426}.AppStore|iPhone.Build.0 = Release|Any CPU
		{45AEC18D-DB90-4270-86E5-45B456CB4426}.AppStore|iPhoneSimulator.ActiveCfg = Release|Any CPU
		{45AEC18D-DB90-4270-86E5-45B456CB4426}.AppStore|iPhoneSimulator.Build.0 = Release|Any CPU
		{45AEC18D-DB90-4270-86E5-45B456CB4426}.Debug|Any CPU.ActiveCfg = Debug|Any CPU
		{45AEC18D-DB90-4270-86E5-45B456CB4426}.Debug|Any CPU.Build.0 = Debug|Any CPU
		{45AEC18D-DB90-4270-86E5-45B456CB4426}.Debug|iPhone.ActiveCfg = Debug|Any CPU
		{45AEC18D-DB90-4270-86E5-45B456CB4426}.Debug|iPhone.Build.0 = Debug|Any CPU
		{45AEC18D-DB90-4270-86E5-45B456CB4426}.Debug|iPhoneSimulator.ActiveCfg = Debug|Any CPU
		{45AEC18D-DB90-4270-86E5-45B456CB4426}.Debug|iPhoneSimulator.Build.0 = Debug|Any CPU
		{45AEC18D-DB90-4270-86E5-45B456CB4426}.Release|Any CPU.ActiveCfg = Release|Any CPU
		{45AEC18D-DB90-4270-86E5-45B456CB4426}.Release|Any CPU.Build.0 = Release|Any CPU
		{45AEC18D-DB90-4270-86E5-45B456CB4426}.Release|iPhone.ActiveCfg = Release|Any CPU
		{45AEC18D-DB90-4270-86E5-45B456CB4426}.Release|iPhone.Build.0 = Release|Any CPU
		{45AEC18D-DB90-4270-86E5-45B456CB4426}.Release|iPhoneSimulator.ActiveCfg = Release|Any CPU
		{45AEC18D-DB90-4270-86E5-45B456CB4426}.Release|iPhoneSimulator.Build.0 = Release|Any CPU
		{F869D97A-4E98-4C7A-A9EC-B95501F1BADE}.Ad-Hoc|Any CPU.ActiveCfg = Release|Any CPU
		{F869D97A-4E98-4C7A-A9EC-B95501F1BADE}.Ad-Hoc|Any CPU.Build.0 = Release|Any CPU
		{F869D97A-4E98-4C7A-A9EC-B95501F1BADE}.Ad-Hoc|iPhone.ActiveCfg = Release|Any CPU
		{F869D97A-4E98-4C7A-A9EC-B95501F1BADE}.Ad-Hoc|iPhone.Build.0 = Release|Any CPU
		{F869D97A-4E98-4C7A-A9EC-B95501F1BADE}.Ad-Hoc|iPhoneSimulator.ActiveCfg = Release|Any CPU
		{F869D97A-4E98-4C7A-A9EC-B95501F1BADE}.Ad-Hoc|iPhoneSimulator.Build.0 = Release|Any CPU
		{F869D97A-4E98-4C7A-A9EC-B95501F1BADE}.AppStore|Any CPU.ActiveCfg = Release|Any CPU
		{F869D97A-4E98-4C7A-A9EC-B95501F1BADE}.AppStore|Any CPU.Build.0 = Release|Any CPU
		{F869D97A-4E98-4C7A-A9EC-B95501F1BADE}.AppStore|iPhone.ActiveCfg = Release|Any CPU
		{F869D97A-4E98-4C7A-A9EC-B95501F1BADE}.AppStore|iPhone.Build.0 = Release|Any CPU
		{F869D97A-4E98-4C7A-A9EC-B95501F1BADE}.AppStore|iPhoneSimulator.ActiveCfg = Release|Any CPU
		{F869D97A-4E98-4C7A-A9EC-B95501F1BADE}.AppStore|iPhoneSimulator.Build.0 = Release|Any CPU
		{F869D97A-4E98-4C7A-A9EC-B95501F1BADE}.Debug|Any CPU.ActiveCfg = Debug|Any CPU
		{F869D97A-4E98-4C7A-A9EC-B95501F1BADE}.Debug|Any CPU.Build.0 = Debug|Any CPU
		{F869D97A-4E98-4C7A-A9EC-B95501F1BADE}.Debug|iPhone.ActiveCfg = Debug|Any CPU
		{F869D97A-4E98-4C7A-A9EC-B95501F1BADE}.Debug|iPhone.Build.0 = Debug|Any CPU
		{F869D97A-4E98-4C7A-A9EC-B95501F1BADE}.Debug|iPhoneSimulator.ActiveCfg = Debug|Any CPU
		{F869D97A-4E98-4C7A-A9EC-B95501F1BADE}.Debug|iPhoneSimulator.Build.0 = Debug|Any CPU
		{F869D97A-4E98-4C7A-A9EC-B95501F1BADE}.Release|Any CPU.ActiveCfg = Release|Any CPU
		{F869D97A-4E98-4C7A-A9EC-B95501F1BADE}.Release|Any CPU.Build.0 = Release|Any CPU
		{F869D97A-4E98-4C7A-A9EC-B95501F1BADE}.Release|iPhone.ActiveCfg = Release|Any CPU
		{F869D97A-4E98-4C7A-A9EC-B95501F1BADE}.Release|iPhone.Build.0 = Release|Any CPU
		{F869D97A-4E98-4C7A-A9EC-B95501F1BADE}.Release|iPhoneSimulator.ActiveCfg = Release|Any CPU
		{F869D97A-4E98-4C7A-A9EC-B95501F1BADE}.Release|iPhoneSimulator.Build.0 = Release|Any CPU
		{0BBFD8A4-8E13-4C65-BD61-154D447705BA}.Ad-Hoc|Any CPU.ActiveCfg = Release|Any CPU
		{0BBFD8A4-8E13-4C65-BD61-154D447705BA}.Ad-Hoc|Any CPU.Build.0 = Release|Any CPU
		{0BBFD8A4-8E13-4C65-BD61-154D447705BA}.Ad-Hoc|Any CPU.Deploy.0 = Release|Any CPU
		{0BBFD8A4-8E13-4C65-BD61-154D447705BA}.Ad-Hoc|iPhone.ActiveCfg = Release|Any CPU
		{0BBFD8A4-8E13-4C65-BD61-154D447705BA}.Ad-Hoc|iPhone.Build.0 = Release|Any CPU
		{0BBFD8A4-8E13-4C65-BD61-154D447705BA}.Ad-Hoc|iPhone.Deploy.0 = Release|Any CPU
		{0BBFD8A4-8E13-4C65-BD61-154D447705BA}.Ad-Hoc|iPhoneSimulator.ActiveCfg = Release|Any CPU
		{0BBFD8A4-8E13-4C65-BD61-154D447705BA}.Ad-Hoc|iPhoneSimulator.Build.0 = Release|Any CPU
		{0BBFD8A4-8E13-4C65-BD61-154D447705BA}.Ad-Hoc|iPhoneSimulator.Deploy.0 = Release|Any CPU
		{0BBFD8A4-8E13-4C65-BD61-154D447705BA}.AppStore|Any CPU.ActiveCfg = Release|Any CPU
		{0BBFD8A4-8E13-4C65-BD61-154D447705BA}.AppStore|Any CPU.Build.0 = Release|Any CPU
		{0BBFD8A4-8E13-4C65-BD61-154D447705BA}.AppStore|Any CPU.Deploy.0 = Release|Any CPU
		{0BBFD8A4-8E13-4C65-BD61-154D447705BA}.AppStore|iPhone.ActiveCfg = Release|Any CPU
		{0BBFD8A4-8E13-4C65-BD61-154D447705BA}.AppStore|iPhone.Build.0 = Release|Any CPU
		{0BBFD8A4-8E13-4C65-BD61-154D447705BA}.AppStore|iPhone.Deploy.0 = Release|Any CPU
		{0BBFD8A4-8E13-4C65-BD61-154D447705BA}.AppStore|iPhoneSimulator.ActiveCfg = Release|Any CPU
		{0BBFD8A4-8E13-4C65-BD61-154D447705BA}.AppStore|iPhoneSimulator.Build.0 = Release|Any CPU
		{0BBFD8A4-8E13-4C65-BD61-154D447705BA}.AppStore|iPhoneSimulator.Deploy.0 = Release|Any CPU
		{0BBFD8A4-8E13-4C65-BD61-154D447705BA}.Debug|Any CPU.ActiveCfg = Debug|Any CPU
		{0BBFD8A4-8E13-4C65-BD61-154D447705BA}.Debug|Any CPU.Build.0 = Debug|Any CPU
		{0BBFD8A4-8E13-4C65-BD61-154D447705BA}.Debug|Any CPU.Deploy.0 = Debug|Any CPU
		{0BBFD8A4-8E13-4C65-BD61-154D447705BA}.Debug|iPhone.ActiveCfg = Debug|Any CPU
		{0BBFD8A4-8E13-4C65-BD61-154D447705BA}.Debug|iPhone.Build.0 = Debug|Any CPU
		{0BBFD8A4-8E13-4C65-BD61-154D447705BA}.Debug|iPhone.Deploy.0 = Debug|Any CPU
		{0BBFD8A4-8E13-4C65-BD61-154D447705BA}.Debug|iPhoneSimulator.ActiveCfg = Debug|Any CPU
		{0BBFD8A4-8E13-4C65-BD61-154D447705BA}.Debug|iPhoneSimulator.Build.0 = Debug|Any CPU
		{0BBFD8A4-8E13-4C65-BD61-154D447705BA}.Debug|iPhoneSimulator.Deploy.0 = Debug|Any CPU
		{0BBFD8A4-8E13-4C65-BD61-154D447705BA}.Release|Any CPU.ActiveCfg = Release|Any CPU
		{0BBFD8A4-8E13-4C65-BD61-154D447705BA}.Release|Any CPU.Build.0 = Release|Any CPU
		{0BBFD8A4-8E13-4C65-BD61-154D447705BA}.Release|Any CPU.Deploy.0 = Release|Any CPU
		{0BBFD8A4-8E13-4C65-BD61-154D447705BA}.Release|iPhone.ActiveCfg = Release|Any CPU
		{0BBFD8A4-8E13-4C65-BD61-154D447705BA}.Release|iPhone.Build.0 = Release|Any CPU
		{0BBFD8A4-8E13-4C65-BD61-154D447705BA}.Release|iPhone.Deploy.0 = Release|Any CPU
		{0BBFD8A4-8E13-4C65-BD61-154D447705BA}.Release|iPhoneSimulator.ActiveCfg = Release|Any CPU
		{0BBFD8A4-8E13-4C65-BD61-154D447705BA}.Release|iPhoneSimulator.Build.0 = Release|Any CPU
		{0BBFD8A4-8E13-4C65-BD61-154D447705BA}.Release|iPhoneSimulator.Deploy.0 = Release|Any CPU
		{6F9E16B6-0447-4D80-AA0B-C97F921EB2C7}.Ad-Hoc|Any CPU.ActiveCfg = Release|iPhoneSimulator
		{6F9E16B6-0447-4D80-AA0B-C97F921EB2C7}.Ad-Hoc|Any CPU.Build.0 = Release|iPhoneSimulator
		{6F9E16B6-0447-4D80-AA0B-C97F921EB2C7}.Ad-Hoc|iPhone.ActiveCfg = Release|iPhone
		{6F9E16B6-0447-4D80-AA0B-C97F921EB2C7}.Ad-Hoc|iPhone.Build.0 = Release|iPhone
		{6F9E16B6-0447-4D80-AA0B-C97F921EB2C7}.Ad-Hoc|iPhoneSimulator.ActiveCfg = Release|iPhoneSimulator
		{6F9E16B6-0447-4D80-AA0B-C97F921EB2C7}.Ad-Hoc|iPhoneSimulator.Build.0 = Release|iPhoneSimulator
		{6F9E16B6-0447-4D80-AA0B-C97F921EB2C7}.AppStore|Any CPU.ActiveCfg = Release|iPhoneSimulator
		{6F9E16B6-0447-4D80-AA0B-C97F921EB2C7}.AppStore|Any CPU.Build.0 = Release|iPhoneSimulator
		{6F9E16B6-0447-4D80-AA0B-C97F921EB2C7}.AppStore|iPhone.ActiveCfg = Release|iPhone
		{6F9E16B6-0447-4D80-AA0B-C97F921EB2C7}.AppStore|iPhone.Build.0 = Release|iPhone
		{6F9E16B6-0447-4D80-AA0B-C97F921EB2C7}.AppStore|iPhoneSimulator.ActiveCfg = Release|iPhoneSimulator
		{6F9E16B6-0447-4D80-AA0B-C97F921EB2C7}.AppStore|iPhoneSimulator.Build.0 = Release|iPhoneSimulator
		{6F9E16B6-0447-4D80-AA0B-C97F921EB2C7}.Debug|Any CPU.ActiveCfg = Debug|iPhone
		{6F9E16B6-0447-4D80-AA0B-C97F921EB2C7}.Debug|iPhone.ActiveCfg = Debug|iPhone
		{6F9E16B6-0447-4D80-AA0B-C97F921EB2C7}.Debug|iPhone.Build.0 = Debug|iPhone
		{6F9E16B6-0447-4D80-AA0B-C97F921EB2C7}.Debug|iPhoneSimulator.ActiveCfg = Debug|iPhoneSimulator
		{6F9E16B6-0447-4D80-AA0B-C97F921EB2C7}.Debug|iPhoneSimulator.Build.0 = Debug|iPhoneSimulator
		{6F9E16B6-0447-4D80-AA0B-C97F921EB2C7}.Release|Any CPU.ActiveCfg = Release|iPhone
		{6F9E16B6-0447-4D80-AA0B-C97F921EB2C7}.Release|iPhone.ActiveCfg = Release|iPhone
		{6F9E16B6-0447-4D80-AA0B-C97F921EB2C7}.Release|iPhone.Build.0 = Release|iPhone
		{6F9E16B6-0447-4D80-AA0B-C97F921EB2C7}.Release|iPhoneSimulator.ActiveCfg = Release|iPhoneSimulator
		{6F9E16B6-0447-4D80-AA0B-C97F921EB2C7}.Release|iPhoneSimulator.Build.0 = Release|iPhoneSimulator
		{ECAEA3A2-85BF-482D-A818-47879B4CA259}.Ad-Hoc|Any CPU.ActiveCfg = Release|Any CPU
		{ECAEA3A2-85BF-482D-A818-47879B4CA259}.Ad-Hoc|Any CPU.Build.0 = Release|Any CPU
		{ECAEA3A2-85BF-482D-A818-47879B4CA259}.Ad-Hoc|iPhone.ActiveCfg = Release|Any CPU
		{ECAEA3A2-85BF-482D-A818-47879B4CA259}.Ad-Hoc|iPhone.Build.0 = Release|Any CPU
		{ECAEA3A2-85BF-482D-A818-47879B4CA259}.Ad-Hoc|iPhoneSimulator.ActiveCfg = Release|Any CPU
		{ECAEA3A2-85BF-482D-A818-47879B4CA259}.Ad-Hoc|iPhoneSimulator.Build.0 = Release|Any CPU
		{ECAEA3A2-85BF-482D-A818-47879B4CA259}.AppStore|Any CPU.ActiveCfg = Release|Any CPU
		{ECAEA3A2-85BF-482D-A818-47879B4CA259}.AppStore|Any CPU.Build.0 = Release|Any CPU
		{ECAEA3A2-85BF-482D-A818-47879B4CA259}.AppStore|iPhone.ActiveCfg = Release|Any CPU
		{ECAEA3A2-85BF-482D-A818-47879B4CA259}.AppStore|iPhone.Build.0 = Release|Any CPU
		{ECAEA3A2-85BF-482D-A818-47879B4CA259}.AppStore|iPhoneSimulator.ActiveCfg = Release|Any CPU
		{ECAEA3A2-85BF-482D-A818-47879B4CA259}.AppStore|iPhoneSimulator.Build.0 = Release|Any CPU
		{ECAEA3A2-85BF-482D-A818-47879B4CA259}.Debug|Any CPU.ActiveCfg = Debug|Any CPU
		{ECAEA3A2-85BF-482D-A818-47879B4CA259}.Debug|Any CPU.Build.0 = Debug|Any CPU
		{ECAEA3A2-85BF-482D-A818-47879B4CA259}.Debug|iPhone.ActiveCfg = Debug|Any CPU
		{ECAEA3A2-85BF-482D-A818-47879B4CA259}.Debug|iPhone.Build.0 = Debug|Any CPU
		{ECAEA3A2-85BF-482D-A818-47879B4CA259}.Debug|iPhoneSimulator.ActiveCfg = Debug|Any CPU
		{ECAEA3A2-85BF-482D-A818-47879B4CA259}.Debug|iPhoneSimulator.Build.0 = Debug|Any CPU
		{ECAEA3A2-85BF-482D-A818-47879B4CA259}.Release|Any CPU.ActiveCfg = Release|Any CPU
		{ECAEA3A2-85BF-482D-A818-47879B4CA259}.Release|Any CPU.Build.0 = Release|Any CPU
		{ECAEA3A2-85BF-482D-A818-47879B4CA259}.Release|iPhone.ActiveCfg = Release|Any CPU
		{ECAEA3A2-85BF-482D-A818-47879B4CA259}.Release|iPhone.Build.0 = Release|Any CPU
		{ECAEA3A2-85BF-482D-A818-47879B4CA259}.Release|iPhoneSimulator.ActiveCfg = Release|Any CPU
		{ECAEA3A2-85BF-482D-A818-47879B4CA259}.Release|iPhoneSimulator.Build.0 = Release|Any CPU
		{7771665D-434A-4B95-A1C1-9C9DB1997B64}.Ad-Hoc|Any CPU.ActiveCfg = Release|Any CPU
		{7771665D-434A-4B95-A1C1-9C9DB1997B64}.Ad-Hoc|Any CPU.Build.0 = Release|Any CPU
		{7771665D-434A-4B95-A1C1-9C9DB1997B64}.Ad-Hoc|iPhone.ActiveCfg = Release|Any CPU
		{7771665D-434A-4B95-A1C1-9C9DB1997B64}.Ad-Hoc|iPhone.Build.0 = Release|Any CPU
		{7771665D-434A-4B95-A1C1-9C9DB1997B64}.Ad-Hoc|iPhoneSimulator.ActiveCfg = Release|Any CPU
		{7771665D-434A-4B95-A1C1-9C9DB1997B64}.Ad-Hoc|iPhoneSimulator.Build.0 = Release|Any CPU
		{7771665D-434A-4B95-A1C1-9C9DB1997B64}.AppStore|Any CPU.ActiveCfg = Release|Any CPU
		{7771665D-434A-4B95-A1C1-9C9DB1997B64}.AppStore|Any CPU.Build.0 = Release|Any CPU
		{7771665D-434A-4B95-A1C1-9C9DB1997B64}.AppStore|iPhone.ActiveCfg = Release|Any CPU
		{7771665D-434A-4B95-A1C1-9C9DB1997B64}.AppStore|iPhone.Build.0 = Release|Any CPU
		{7771665D-434A-4B95-A1C1-9C9DB1997B64}.AppStore|iPhoneSimulator.ActiveCfg = Release|Any CPU
		{7771665D-434A-4B95-A1C1-9C9DB1997B64}.AppStore|iPhoneSimulator.Build.0 = Release|Any CPU
		{7771665D-434A-4B95-A1C1-9C9DB1997B64}.Debug|Any CPU.ActiveCfg = Debug|Any CPU
		{7771665D-434A-4B95-A1C1-9C9DB1997B64}.Debug|Any CPU.Build.0 = Debug|Any CPU
		{7771665D-434A-4B95-A1C1-9C9DB1997B64}.Debug|iPhone.ActiveCfg = Debug|Any CPU
		{7771665D-434A-4B95-A1C1-9C9DB1997B64}.Debug|iPhone.Build.0 = Debug|Any CPU
		{7771665D-434A-4B95-A1C1-9C9DB1997B64}.Debug|iPhoneSimulator.ActiveCfg = Debug|Any CPU
		{7771665D-434A-4B95-A1C1-9C9DB1997B64}.Debug|iPhoneSimulator.Build.0 = Debug|Any CPU
		{7771665D-434A-4B95-A1C1-9C9DB1997B64}.Release|Any CPU.ActiveCfg = Release|Any CPU
		{7771665D-434A-4B95-A1C1-9C9DB1997B64}.Release|Any CPU.Build.0 = Release|Any CPU
		{7771665D-434A-4B95-A1C1-9C9DB1997B64}.Release|iPhone.ActiveCfg = Release|Any CPU
		{7771665D-434A-4B95-A1C1-9C9DB1997B64}.Release|iPhone.Build.0 = Release|Any CPU
		{7771665D-434A-4B95-A1C1-9C9DB1997B64}.Release|iPhoneSimulator.ActiveCfg = Release|Any CPU
		{7771665D-434A-4B95-A1C1-9C9DB1997B64}.Release|iPhoneSimulator.Build.0 = Release|Any CPU
		{4EB8CFD2-D2BF-4AE1-A9A2-5509B312CE03}.Ad-Hoc|Any CPU.ActiveCfg = Release|Any CPU
		{4EB8CFD2-D2BF-4AE1-A9A2-5509B312CE03}.Ad-Hoc|Any CPU.Build.0 = Release|Any CPU
		{4EB8CFD2-D2BF-4AE1-A9A2-5509B312CE03}.Ad-Hoc|iPhone.ActiveCfg = Release|Any CPU
		{4EB8CFD2-D2BF-4AE1-A9A2-5509B312CE03}.Ad-Hoc|iPhone.Build.0 = Release|Any CPU
		{4EB8CFD2-D2BF-4AE1-A9A2-5509B312CE03}.Ad-Hoc|iPhoneSimulator.ActiveCfg = Release|Any CPU
		{4EB8CFD2-D2BF-4AE1-A9A2-5509B312CE03}.Ad-Hoc|iPhoneSimulator.Build.0 = Release|Any CPU
		{4EB8CFD2-D2BF-4AE1-A9A2-5509B312CE03}.AppStore|Any CPU.ActiveCfg = Release|Any CPU
		{4EB8CFD2-D2BF-4AE1-A9A2-5509B312CE03}.AppStore|Any CPU.Build.0 = Release|Any CPU
		{4EB8CFD2-D2BF-4AE1-A9A2-5509B312CE03}.AppStore|iPhone.ActiveCfg = Release|Any CPU
		{4EB8CFD2-D2BF-4AE1-A9A2-5509B312CE03}.AppStore|iPhone.Build.0 = Release|Any CPU
		{4EB8CFD2-D2BF-4AE1-A9A2-5509B312CE03}.AppStore|iPhoneSimulator.ActiveCfg = Release|Any CPU
		{4EB8CFD2-D2BF-4AE1-A9A2-5509B312CE03}.AppStore|iPhoneSimulator.Build.0 = Release|Any CPU
		{4EB8CFD2-D2BF-4AE1-A9A2-5509B312CE03}.Debug|Any CPU.ActiveCfg = Debug|Any CPU
		{4EB8CFD2-D2BF-4AE1-A9A2-5509B312CE03}.Debug|Any CPU.Build.0 = Debug|Any CPU
		{4EB8CFD2-D2BF-4AE1-A9A2-5509B312CE03}.Debug|iPhone.ActiveCfg = Debug|Any CPU
		{4EB8CFD2-D2BF-4AE1-A9A2-5509B312CE03}.Debug|iPhone.Build.0 = Debug|Any CPU
		{4EB8CFD2-D2BF-4AE1-A9A2-5509B312CE03}.Debug|iPhoneSimulator.ActiveCfg = Debug|Any CPU
		{4EB8CFD2-D2BF-4AE1-A9A2-5509B312CE03}.Debug|iPhoneSimulator.Build.0 = Debug|Any CPU
		{4EB8CFD2-D2BF-4AE1-A9A2-5509B312CE03}.Release|Any CPU.ActiveCfg = Release|Any CPU
		{4EB8CFD2-D2BF-4AE1-A9A2-5509B312CE03}.Release|Any CPU.Build.0 = Release|Any CPU
		{4EB8CFD2-D2BF-4AE1-A9A2-5509B312CE03}.Release|iPhone.ActiveCfg = Release|Any CPU
		{4EB8CFD2-D2BF-4AE1-A9A2-5509B312CE03}.Release|iPhone.Build.0 = Release|Any CPU
		{4EB8CFD2-D2BF-4AE1-A9A2-5509B312CE03}.Release|iPhoneSimulator.ActiveCfg = Release|Any CPU
		{4EB8CFD2-D2BF-4AE1-A9A2-5509B312CE03}.Release|iPhoneSimulator.Build.0 = Release|Any CPU
		{E0FE3FD2-24DC-4FF2-A8F2-16127510EEAD}.Ad-Hoc|Any CPU.ActiveCfg = Release|Any CPU
		{E0FE3FD2-24DC-4FF2-A8F2-16127510EEAD}.Ad-Hoc|iPhone.ActiveCfg = Release|Any CPU
		{E0FE3FD2-24DC-4FF2-A8F2-16127510EEAD}.Ad-Hoc|iPhoneSimulator.ActiveCfg = Release|Any CPU
		{E0FE3FD2-24DC-4FF2-A8F2-16127510EEAD}.AppStore|Any CPU.ActiveCfg = Release|Any CPU
		{E0FE3FD2-24DC-4FF2-A8F2-16127510EEAD}.AppStore|iPhone.ActiveCfg = Release|Any CPU
		{E0FE3FD2-24DC-4FF2-A8F2-16127510EEAD}.AppStore|iPhoneSimulator.ActiveCfg = Release|Any CPU
		{E0FE3FD2-24DC-4FF2-A8F2-16127510EEAD}.Debug|Any CPU.ActiveCfg = Debug|Any CPU
		{E0FE3FD2-24DC-4FF2-A8F2-16127510EEAD}.Debug|Any CPU.Build.0 = Debug|Any CPU
		{E0FE3FD2-24DC-4FF2-A8F2-16127510EEAD}.Debug|iPhone.ActiveCfg = Debug|Any CPU
		{E0FE3FD2-24DC-4FF2-A8F2-16127510EEAD}.Debug|iPhone.Build.0 = Debug|Any CPU
		{E0FE3FD2-24DC-4FF2-A8F2-16127510EEAD}.Debug|iPhoneSimulator.ActiveCfg = Debug|Any CPU
		{E0FE3FD2-24DC-4FF2-A8F2-16127510EEAD}.Debug|iPhoneSimulator.Build.0 = Debug|Any CPU
		{E0FE3FD2-24DC-4FF2-A8F2-16127510EEAD}.Release|Any CPU.ActiveCfg = Release|Any CPU
		{E0FE3FD2-24DC-4FF2-A8F2-16127510EEAD}.Release|Any CPU.Build.0 = Release|Any CPU
		{E0FE3FD2-24DC-4FF2-A8F2-16127510EEAD}.Release|iPhone.ActiveCfg = Release|Any CPU
		{E0FE3FD2-24DC-4FF2-A8F2-16127510EEAD}.Release|iPhone.Build.0 = Release|Any CPU
		{E0FE3FD2-24DC-4FF2-A8F2-16127510EEAD}.Release|iPhoneSimulator.ActiveCfg = Release|Any CPU
		{E0FE3FD2-24DC-4FF2-A8F2-16127510EEAD}.Release|iPhoneSimulator.Build.0 = Release|Any CPU
		{90472EEF-DC6A-4A01-AD81-0F46373D4CCF}.Ad-Hoc|Any CPU.ActiveCfg = Release|Any CPU
		{90472EEF-DC6A-4A01-AD81-0F46373D4CCF}.Ad-Hoc|iPhone.ActiveCfg = Release|Any CPU
		{90472EEF-DC6A-4A01-AD81-0F46373D4CCF}.Ad-Hoc|iPhoneSimulator.ActiveCfg = Release|Any CPU
		{90472EEF-DC6A-4A01-AD81-0F46373D4CCF}.AppStore|Any CPU.ActiveCfg = Release|Any CPU
		{90472EEF-DC6A-4A01-AD81-0F46373D4CCF}.AppStore|iPhone.ActiveCfg = Release|Any CPU
		{90472EEF-DC6A-4A01-AD81-0F46373D4CCF}.AppStore|iPhoneSimulator.ActiveCfg = Release|Any CPU
		{90472EEF-DC6A-4A01-AD81-0F46373D4CCF}.Debug|Any CPU.ActiveCfg = Debug|Any CPU
		{90472EEF-DC6A-4A01-AD81-0F46373D4CCF}.Debug|Any CPU.Build.0 = Debug|Any CPU
		{90472EEF-DC6A-4A01-AD81-0F46373D4CCF}.Debug|iPhone.ActiveCfg = Debug|Any CPU
		{90472EEF-DC6A-4A01-AD81-0F46373D4CCF}.Debug|iPhone.Build.0 = Debug|Any CPU
		{90472EEF-DC6A-4A01-AD81-0F46373D4CCF}.Debug|iPhoneSimulator.ActiveCfg = Debug|Any CPU
		{90472EEF-DC6A-4A01-AD81-0F46373D4CCF}.Debug|iPhoneSimulator.Build.0 = Debug|Any CPU
		{90472EEF-DC6A-4A01-AD81-0F46373D4CCF}.Release|Any CPU.ActiveCfg = Release|Any CPU
		{90472EEF-DC6A-4A01-AD81-0F46373D4CCF}.Release|Any CPU.Build.0 = Release|Any CPU
		{90472EEF-DC6A-4A01-AD81-0F46373D4CCF}.Release|iPhone.ActiveCfg = Release|Any CPU
		{90472EEF-DC6A-4A01-AD81-0F46373D4CCF}.Release|iPhone.Build.0 = Release|Any CPU
		{90472EEF-DC6A-4A01-AD81-0F46373D4CCF}.Release|iPhoneSimulator.ActiveCfg = Release|Any CPU
		{90472EEF-DC6A-4A01-AD81-0F46373D4CCF}.Release|iPhoneSimulator.Build.0 = Release|Any CPU
		{7735527F-5F43-44EC-B526-FEB25EFE44FD}.Ad-Hoc|Any CPU.ActiveCfg = Release|Any CPU
		{7735527F-5F43-44EC-B526-FEB25EFE44FD}.Ad-Hoc|Any CPU.Build.0 = Release|Any CPU
		{7735527F-5F43-44EC-B526-FEB25EFE44FD}.Ad-Hoc|iPhone.ActiveCfg = Release|Any CPU
		{7735527F-5F43-44EC-B526-FEB25EFE44FD}.Ad-Hoc|iPhone.Build.0 = Release|Any CPU
		{7735527F-5F43-44EC-B526-FEB25EFE44FD}.Ad-Hoc|iPhoneSimulator.ActiveCfg = Release|Any CPU
		{7735527F-5F43-44EC-B526-FEB25EFE44FD}.Ad-Hoc|iPhoneSimulator.Build.0 = Release|Any CPU
		{7735527F-5F43-44EC-B526-FEB25EFE44FD}.AppStore|Any CPU.ActiveCfg = Release|Any CPU
		{7735527F-5F43-44EC-B526-FEB25EFE44FD}.AppStore|Any CPU.Build.0 = Release|Any CPU
		{7735527F-5F43-44EC-B526-FEB25EFE44FD}.AppStore|iPhone.ActiveCfg = Release|Any CPU
		{7735527F-5F43-44EC-B526-FEB25EFE44FD}.AppStore|iPhone.Build.0 = Release|Any CPU
		{7735527F-5F43-44EC-B526-FEB25EFE44FD}.AppStore|iPhoneSimulator.ActiveCfg = Release|Any CPU
		{7735527F-5F43-44EC-B526-FEB25EFE44FD}.AppStore|iPhoneSimulator.Build.0 = Release|Any CPU
		{7735527F-5F43-44EC-B526-FEB25EFE44FD}.Debug|Any CPU.ActiveCfg = Debug|Any CPU
		{7735527F-5F43-44EC-B526-FEB25EFE44FD}.Debug|Any CPU.Build.0 = Debug|Any CPU
		{7735527F-5F43-44EC-B526-FEB25EFE44FD}.Debug|iPhone.ActiveCfg = Debug|Any CPU
		{7735527F-5F43-44EC-B526-FEB25EFE44FD}.Debug|iPhone.Build.0 = Debug|Any CPU
		{7735527F-5F43-44EC-B526-FEB25EFE44FD}.Debug|iPhoneSimulator.ActiveCfg = Debug|Any CPU
		{7735527F-5F43-44EC-B526-FEB25EFE44FD}.Debug|iPhoneSimulator.Build.0 = Debug|Any CPU
		{7735527F-5F43-44EC-B526-FEB25EFE44FD}.Release|Any CPU.ActiveCfg = Release|Any CPU
		{7735527F-5F43-44EC-B526-FEB25EFE44FD}.Release|Any CPU.Build.0 = Release|Any CPU
		{7735527F-5F43-44EC-B526-FEB25EFE44FD}.Release|iPhone.ActiveCfg = Release|Any CPU
		{7735527F-5F43-44EC-B526-FEB25EFE44FD}.Release|iPhone.Build.0 = Release|Any CPU
		{7735527F-5F43-44EC-B526-FEB25EFE44FD}.Release|iPhoneSimulator.ActiveCfg = Release|Any CPU
		{7735527F-5F43-44EC-B526-FEB25EFE44FD}.Release|iPhoneSimulator.Build.0 = Release|Any CPU
		{C3AD75D0-F594-4972-8E51-CC970B69A134}.Ad-Hoc|Any CPU.ActiveCfg = Release|Any CPU
		{C3AD75D0-F594-4972-8E51-CC970B69A134}.Ad-Hoc|Any CPU.Build.0 = Release|Any CPU
		{C3AD75D0-F594-4972-8E51-CC970B69A134}.Ad-Hoc|Any CPU.Deploy.0 = Release|Any CPU
		{C3AD75D0-F594-4972-8E51-CC970B69A134}.Ad-Hoc|iPhone.ActiveCfg = Release|Any CPU
		{C3AD75D0-F594-4972-8E51-CC970B69A134}.Ad-Hoc|iPhone.Build.0 = Release|Any CPU
		{C3AD75D0-F594-4972-8E51-CC970B69A134}.Ad-Hoc|iPhone.Deploy.0 = Release|Any CPU
		{C3AD75D0-F594-4972-8E51-CC970B69A134}.Ad-Hoc|iPhoneSimulator.ActiveCfg = Release|Any CPU
		{C3AD75D0-F594-4972-8E51-CC970B69A134}.Ad-Hoc|iPhoneSimulator.Build.0 = Release|Any CPU
		{C3AD75D0-F594-4972-8E51-CC970B69A134}.Ad-Hoc|iPhoneSimulator.Deploy.0 = Release|Any CPU
		{C3AD75D0-F594-4972-8E51-CC970B69A134}.AppStore|Any CPU.ActiveCfg = Release|Any CPU
		{C3AD75D0-F594-4972-8E51-CC970B69A134}.AppStore|Any CPU.Build.0 = Release|Any CPU
		{C3AD75D0-F594-4972-8E51-CC970B69A134}.AppStore|Any CPU.Deploy.0 = Release|Any CPU
		{C3AD75D0-F594-4972-8E51-CC970B69A134}.AppStore|iPhone.ActiveCfg = Release|Any CPU
		{C3AD75D0-F594-4972-8E51-CC970B69A134}.AppStore|iPhone.Build.0 = Release|Any CPU
		{C3AD75D0-F594-4972-8E51-CC970B69A134}.AppStore|iPhone.Deploy.0 = Release|Any CPU
		{C3AD75D0-F594-4972-8E51-CC970B69A134}.AppStore|iPhoneSimulator.ActiveCfg = Release|Any CPU
		{C3AD75D0-F594-4972-8E51-CC970B69A134}.AppStore|iPhoneSimulator.Build.0 = Release|Any CPU
		{C3AD75D0-F594-4972-8E51-CC970B69A134}.AppStore|iPhoneSimulator.Deploy.0 = Release|Any CPU
		{C3AD75D0-F594-4972-8E51-CC970B69A134}.Debug|Any CPU.ActiveCfg = Debug|Any CPU
		{C3AD75D0-F594-4972-8E51-CC970B69A134}.Debug|Any CPU.Build.0 = Debug|Any CPU
		{C3AD75D0-F594-4972-8E51-CC970B69A134}.Debug|Any CPU.Deploy.0 = Debug|Any CPU
		{C3AD75D0-F594-4972-8E51-CC970B69A134}.Debug|iPhone.ActiveCfg = Debug|Any CPU
		{C3AD75D0-F594-4972-8E51-CC970B69A134}.Debug|iPhone.Build.0 = Debug|Any CPU
		{C3AD75D0-F594-4972-8E51-CC970B69A134}.Debug|iPhone.Deploy.0 = Debug|Any CPU
		{C3AD75D0-F594-4972-8E51-CC970B69A134}.Debug|iPhoneSimulator.ActiveCfg = Debug|Any CPU
		{C3AD75D0-F594-4972-8E51-CC970B69A134}.Debug|iPhoneSimulator.Build.0 = Debug|Any CPU
		{C3AD75D0-F594-4972-8E51-CC970B69A134}.Debug|iPhoneSimulator.Deploy.0 = Debug|Any CPU
		{C3AD75D0-F594-4972-8E51-CC970B69A134}.Release|Any CPU.ActiveCfg = Release|Any CPU
		{C3AD75D0-F594-4972-8E51-CC970B69A134}.Release|Any CPU.Build.0 = Release|Any CPU
		{C3AD75D0-F594-4972-8E51-CC970B69A134}.Release|Any CPU.Deploy.0 = Release|Any CPU
		{C3AD75D0-F594-4972-8E51-CC970B69A134}.Release|iPhone.ActiveCfg = Release|Any CPU
		{C3AD75D0-F594-4972-8E51-CC970B69A134}.Release|iPhone.Build.0 = Release|Any CPU
		{C3AD75D0-F594-4972-8E51-CC970B69A134}.Release|iPhone.Deploy.0 = Release|Any CPU
		{C3AD75D0-F594-4972-8E51-CC970B69A134}.Release|iPhoneSimulator.ActiveCfg = Release|Any CPU
		{C3AD75D0-F594-4972-8E51-CC970B69A134}.Release|iPhoneSimulator.Build.0 = Release|Any CPU
		{C3AD75D0-F594-4972-8E51-CC970B69A134}.Release|iPhoneSimulator.Deploy.0 = Release|Any CPU
		{94F11492-04AC-455C-9FB8-52339421F5C2}.Ad-Hoc|Any CPU.ActiveCfg = Ad-Hoc|iPhone
		{94F11492-04AC-455C-9FB8-52339421F5C2}.Ad-Hoc|iPhone.ActiveCfg = Ad-Hoc|iPhone
		{94F11492-04AC-455C-9FB8-52339421F5C2}.Ad-Hoc|iPhone.Build.0 = Ad-Hoc|iPhone
		{94F11492-04AC-455C-9FB8-52339421F5C2}.Ad-Hoc|iPhoneSimulator.ActiveCfg = Ad-Hoc|iPhoneSimulator
		{94F11492-04AC-455C-9FB8-52339421F5C2}.Ad-Hoc|iPhoneSimulator.Build.0 = Ad-Hoc|iPhoneSimulator
		{94F11492-04AC-455C-9FB8-52339421F5C2}.AppStore|Any CPU.ActiveCfg = AppStore|iPhone
		{94F11492-04AC-455C-9FB8-52339421F5C2}.AppStore|iPhone.ActiveCfg = AppStore|iPhone
		{94F11492-04AC-455C-9FB8-52339421F5C2}.AppStore|iPhone.Build.0 = AppStore|iPhone
		{94F11492-04AC-455C-9FB8-52339421F5C2}.AppStore|iPhoneSimulator.ActiveCfg = AppStore|iPhoneSimulator
		{94F11492-04AC-455C-9FB8-52339421F5C2}.AppStore|iPhoneSimulator.Build.0 = AppStore|iPhoneSimulator
		{94F11492-04AC-455C-9FB8-52339421F5C2}.Debug|Any CPU.ActiveCfg = Debug|iPhone
		{94F11492-04AC-455C-9FB8-52339421F5C2}.Debug|iPhone.ActiveCfg = Debug|iPhone
		{94F11492-04AC-455C-9FB8-52339421F5C2}.Debug|iPhone.Build.0 = Debug|iPhone
		{94F11492-04AC-455C-9FB8-52339421F5C2}.Debug|iPhoneSimulator.ActiveCfg = Debug|iPhoneSimulator
		{94F11492-04AC-455C-9FB8-52339421F5C2}.Debug|iPhoneSimulator.Build.0 = Debug|iPhoneSimulator
		{94F11492-04AC-455C-9FB8-52339421F5C2}.Release|Any CPU.ActiveCfg = Release|iPhone
		{94F11492-04AC-455C-9FB8-52339421F5C2}.Release|iPhone.ActiveCfg = Release|iPhone
		{94F11492-04AC-455C-9FB8-52339421F5C2}.Release|iPhone.Build.0 = Release|iPhone
		{94F11492-04AC-455C-9FB8-52339421F5C2}.Release|iPhoneSimulator.ActiveCfg = Release|iPhoneSimulator
		{94F11492-04AC-455C-9FB8-52339421F5C2}.Release|iPhoneSimulator.Build.0 = Release|iPhoneSimulator
	EndGlobalSection
	GlobalSection(SolutionProperties) = preSolution
		HideSolutionNode = FALSE
	EndGlobalSection
	GlobalSection(NestedProjects) = preSolution
		{45AEC18D-DB90-4270-86E5-45B456CB4426} = {3D323198-60F0-483E-BE4A-FD5F4907ACA0}
		{F869D97A-4E98-4C7A-A9EC-B95501F1BADE} = {3D323198-60F0-483E-BE4A-FD5F4907ACA0}
		{3D323198-60F0-483E-BE4A-FD5F4907ACA0} = {22AAF860-A68C-4FFB-8DF6-2385609D6198}
		{1FDC587E-FEB1-4A2C-A0D4-7A59FE1C1289} = {22AAF860-A68C-4FFB-8DF6-2385609D6198}
		{45EF8319-42E9-4095-8914-0EE539FA5711} = {1FDC587E-FEB1-4A2C-A0D4-7A59FE1C1289}
		{1C07D887-4667-4622-8E6E-1A3BC33B4B48} = {1FDC587E-FEB1-4A2C-A0D4-7A59FE1C1289}
		{0BBFD8A4-8E13-4C65-BD61-154D447705BA} = {1C07D887-4667-4622-8E6E-1A3BC33B4B48}
		{6F9E16B6-0447-4D80-AA0B-C97F921EB2C7} = {1C07D887-4667-4622-8E6E-1A3BC33B4B48}
		{ECAEA3A2-85BF-482D-A818-47879B4CA259} = {1C07D887-4667-4622-8E6E-1A3BC33B4B48}
		{4EB8CFD2-D2BF-4AE1-A9A2-5509B312CE03} = {22AAF860-A68C-4FFB-8DF6-2385609D6198}
		{E0FE3FD2-24DC-4FF2-A8F2-16127510EEAD} = {C8E0081F-9CF4-4B45-A291-2E0E1F373DCF}
		{90472EEF-DC6A-4A01-AD81-0F46373D4CCF} = {C8E0081F-9CF4-4B45-A291-2E0E1F373DCF}
		{A8CBA074-FB4F-436C-8B40-F1388C13AC94} = {45EF8319-42E9-4095-8914-0EE539FA5711}
		{C3AD75D0-F594-4972-8E51-CC970B69A134} = {45EF8319-42E9-4095-8914-0EE539FA5711}
		{94F11492-04AC-455C-9FB8-52339421F5C2} = {45EF8319-42E9-4095-8914-0EE539FA5711}
	EndGlobalSection
	GlobalSection(ExtensibilityGlobals) = postSolution
		SolutionGuid = {57D3BFF2-A86E-4DE8-B37D-092F7313BFCF}
	EndGlobalSection
EndGlobal
