
Microsoft Visual Studio Solution File, Format Version 12.00
# Visual Studio Version 16
VisualStudioVersion = 16.0.28803.352
MinimumVisualStudioVersion = 10.0.40219.1
Project("{9A19103F-16F7-4668-BE54-9A1E7A4F7556}") = "LanguageGo", "LanguageGo\LanguageGo.csproj", "{8B5A4002-2149-4E47-A92A-BB5BFC77A5C3}"
EndProject
Project("{FAE04EC0-301F-11D3-BF4B-00C04F79EFBC}") = "WpfAppClassic", "Test Apps\Wpf\WpfAppClassic\WpfAppClassic.csproj", "{45AEC18D-DB90-4270-86E5-45B456CB4426}"
EndProject
Project("{2150E333-8FDC-42A3-9474-1A3956D46DE8}") = "Test Apps", "Test Apps", "{22AAF860-A68C-4FFB-8DF6-2385609D6198}"
EndProject
Project("{FAE04EC0-301F-11D3-BF4B-00C04F79EFBC}") = "WpfAppMvvm", "Test Apps\Wpf\WpfAppMvvm\WpfAppMvvm.csproj", "{F869D97A-4E98-4C7A-A9EC-B95501F1BADE}"
EndProject
Project("{2150E333-8FDC-42A3-9474-1A3956D46DE8}") = "WPF", "WPF", "{3D323198-60F0-483E-BE4A-FD5F4907ACA0}"
EndProject
Project("{2150E333-8FDC-42A3-9474-1A3956D46DE8}") = "Xamarin", "Xamarin", "{1FDC587E-FEB1-4A2C-A0D4-7A59FE1C1289}"
EndProject
Project("{2150E333-8FDC-42A3-9474-1A3956D46DE8}") = "Classic", "Classic", "{45EF8319-42E9-4095-8914-0EE539FA5711}"
EndProject
Project("{2150E333-8FDC-42A3-9474-1A3956D46DE8}") = "Mvvm", "Mvvm", "{1C07D887-4667-4622-8E6E-1A3BC33B4B48}"
EndProject
Project("{FAE04EC0-301F-11D3-BF4B-00C04F79EFBC}") = "XamarinClassic.Android", "Test Apps\Xamarin\XamarinAppClassic\XamarinClassic\XamarinClassic.Android\XamarinClassic.Android.csproj", "{F9D8D3EB-7194-4CAA-8D68-E90CA03229B6}"
EndProject
Project("{FAE04EC0-301F-11D3-BF4B-00C04F79EFBC}") = "XamarinClassic.iOS", "Test Apps\Xamarin\XamarinAppClassic\XamarinClassic\XamarinClassic.iOS\XamarinClassic.iOS.csproj", "{003F3564-7B98-43F7-ADE0-311D8CD69960}"
EndProject
Project("{9A19103F-16F7-4668-BE54-9A1E7A4F7556}") = "XamarinClassic", "Test Apps\Xamarin\XamarinAppClassic\XamarinClassic\XamarinClassic\XamarinClassic.csproj", "{43543A62-E730-44C1-B217-B8D03B8AC533}"
EndProject
Project("{FAE04EC0-301F-11D3-BF4B-00C04F79EFBC}") = "XamarinMvvm.Android", "Test Apps\Xamarin\XamarinAppMvvm\XamarinMvvm\XamarinMvvm.Android\XamarinMvvm.Android.csproj", "{0BBFD8A4-8E13-4C65-BD61-154D447705BA}"
EndProject
Project("{FAE04EC0-301F-11D3-BF4B-00C04F79EFBC}") = "XamarinMvvm.iOS", "Test Apps\Xamarin\XamarinAppMvvm\XamarinMvvm\XamarinMvvm.iOS\XamarinMvvm.iOS.csproj", "{6F9E16B6-0447-4D80-AA0B-C97F921EB2C7}"
EndProject
Project("{9A19103F-16F7-4668-BE54-9A1E7A4F7556}") = "XamarinMvvm", "Test Apps\Xamarin\XamarinAppMvvm\XamarinMvvm\XamarinMvvm\XamarinMvvm.csproj", "{ECAEA3A2-85BF-482D-A818-47879B4CA259}"
EndProject
Project("{FAE04EC0-301F-11D3-BF4B-00C04F79EFBC}") = "LanguageGoWPF", "LanguageGoWPF\LanguageGoWPF.csproj", "{7771665D-434A-4B95-A1C1-9C9DB1997B64}"
EndProject
Project("{9A19103F-16F7-4668-BE54-9A1E7A4F7556}") = "MyAppLanguages", "MyAppLanguages\MyAppLanguages.csproj", "{4EB8CFD2-D2BF-4AE1-A9A2-5509B312CE03}"
EndProject
Project("{2150E333-8FDC-42A3-9474-1A3956D46DE8}") = "Existing Projects", "Existing Projects", "{C8E0081F-9CF4-4B45-A291-2E0E1F373DCF}"
EndProject
Global
	GlobalSection(SolutionConfigurationPlatforms) = preSolution
		Debug|Any CPU = Debug|Any CPU
		Debug|iPhone = Debug|iPhone
		Debug|iPhoneSimulator = Debug|iPhoneSimulator
		Release|Any CPU = Release|Any CPU
		Release|iPhone = Release|iPhone
		Release|iPhoneSimulator = Release|iPhoneSimulator
	EndGlobalSection
	GlobalSection(ProjectConfigurationPlatforms) = postSolution
		{8B5A4002-2149-4E47-A92A-BB5BFC77A5C3}.Debug|Any CPU.ActiveCfg = Debug|Any CPU
		{8B5A4002-2149-4E47-A92A-BB5BFC77A5C3}.Debug|Any CPU.Build.0 = Debug|Any CPU
		{8B5A4002-2149-4E47-A92A-BB5BFC77A5C3}.Debug|iPhone.ActiveCfg = Debug|Any CPU
		{8B5A4002-2149-4E47-A92A-BB5BFC77A5C3}.Debug|iPhone.Build.0 = Debug|Any CPU
		{8B5A4002-2149-4E47-A92A-BB5BFC77A5C3}.Debug|iPhoneSimulator.ActiveCfg = Debug|Any CPU
		{8B5A4002-2149-4E47-A92A-BB5BFC77A5C3}.Debug|iPhoneSimulator.Build.0 = Debug|Any CPU
		{8B5A4002-2149-4E47-A92A-BB5BFC77A5C3}.Release|Any CPU.ActiveCfg = Release|Any CPU
		{8B5A4002-2149-4E47-A92A-BB5BFC77A5C3}.Release|Any CPU.Build.0 = Release|Any CPU
		{8B5A4002-2149-4E47-A92A-BB5BFC77A5C3}.Release|iPhone.ActiveCfg = Release|Any CPU
		{8B5A4002-2149-4E47-A92A-BB5BFC77A5C3}.Release|iPhone.Build.0 = Release|Any CPU
		{8B5A4002-2149-4E47-A92A-BB5BFC77A5C3}.Release|iPhoneSimulator.ActiveCfg = Release|Any CPU
		{8B5A4002-2149-4E47-A92A-BB5BFC77A5C3}.Release|iPhoneSimulator.Build.0 = Release|Any CPU
		{45AEC18D-DB90-4270-86E5-45B456CB4426}.Debug|Any CPU.ActiveCfg = Debug|Any CPU
		{45AEC18D-DB90-4270-86E5-45B456CB4426}.Debug|Any CPU.Build.0 = Debug|Any CPU
		{45AEC18D-DB90-4270-86E5-45B456CB4426}.Debug|iPhone.ActiveCfg = Debug|Any CPU
		{45AEC18D-DB90-4270-86E5-45B456CB4426}.Debug|iPhone.Build.0 = Debug|Any CPU
		{45AEC18D-DB90-4270-86E5-45B456CB4426}.Debug|iPhoneSimulator.ActiveCfg = Debug|Any CPU
		{45AEC18D-DB90-4270-86E5-45B456CB4426}.Debug|iPhoneSimulator.Build.0 = Debug|Any CPU
		{45AEC18D-DB90-4270-86E5-45B456CB4426}.Release|Any CPU.ActiveCfg = Release|Any CPU
		{45AEC18D-DB90-4270-86E5-45B456CB4426}.Release|Any CPU.Build.0 = Release|Any CPU
		{45AEC18D-DB90-4270-86E5-45B456CB4426}.Release|iPhone.ActiveCfg = Release|Any CPU
		{45AEC18D-DB90-4270-86E5-45B456CB4426}.Release|iPhone.Build.0 = Release|Any CPU
		{45AEC18D-DB90-4270-86E5-45B456CB4426}.Release|iPhoneSimulator.ActiveCfg = Release|Any CPU
		{45AEC18D-DB90-4270-86E5-45B456CB4426}.Release|iPhoneSimulator.Build.0 = Release|Any CPU
		{F869D97A-4E98-4C7A-A9EC-B95501F1BADE}.Debug|Any CPU.ActiveCfg = Debug|Any CPU
		{F869D97A-4E98-4C7A-A9EC-B95501F1BADE}.Debug|Any CPU.Build.0 = Debug|Any CPU
		{F869D97A-4E98-4C7A-A9EC-B95501F1BADE}.Debug|iPhone.ActiveCfg = Debug|Any CPU
		{F869D97A-4E98-4C7A-A9EC-B95501F1BADE}.Debug|iPhone.Build.0 = Debug|Any CPU
		{F869D97A-4E98-4C7A-A9EC-B95501F1BADE}.Debug|iPhoneSimulator.ActiveCfg = Debug|Any CPU
		{F869D97A-4E98-4C7A-A9EC-B95501F1BADE}.Debug|iPhoneSimulator.Build.0 = Debug|Any CPU
		{F869D97A-4E98-4C7A-A9EC-B95501F1BADE}.Release|Any CPU.ActiveCfg = Release|Any CPU
		{F869D97A-4E98-4C7A-A9EC-B95501F1BADE}.Release|Any CPU.Build.0 = Release|Any CPU
		{F869D97A-4E98-4C7A-A9EC-B95501F1BADE}.Release|iPhone.ActiveCfg = Release|Any CPU
		{F869D97A-4E98-4C7A-A9EC-B95501F1BADE}.Release|iPhone.Build.0 = Release|Any CPU
		{F869D97A-4E98-4C7A-A9EC-B95501F1BADE}.Release|iPhoneSimulator.ActiveCfg = Release|Any CPU
		{F869D97A-4E98-4C7A-A9EC-B95501F1BADE}.Release|iPhoneSimulator.Build.0 = Release|Any CPU
		{F9D8D3EB-7194-4CAA-8D68-E90CA03229B6}.Debug|Any CPU.ActiveCfg = Debug|Any CPU
		{F9D8D3EB-7194-4CAA-8D68-E90CA03229B6}.Debug|Any CPU.Build.0 = Debug|Any CPU
		{F9D8D3EB-7194-4CAA-8D68-E90CA03229B6}.Debug|Any CPU.Deploy.0 = Debug|Any CPU
		{F9D8D3EB-7194-4CAA-8D68-E90CA03229B6}.Debug|iPhone.ActiveCfg = Debug|Any CPU
		{F9D8D3EB-7194-4CAA-8D68-E90CA03229B6}.Debug|iPhone.Build.0 = Debug|Any CPU
		{F9D8D3EB-7194-4CAA-8D68-E90CA03229B6}.Debug|iPhone.Deploy.0 = Debug|Any CPU
		{F9D8D3EB-7194-4CAA-8D68-E90CA03229B6}.Debug|iPhoneSimulator.ActiveCfg = Debug|Any CPU
		{F9D8D3EB-7194-4CAA-8D68-E90CA03229B6}.Debug|iPhoneSimulator.Build.0 = Debug|Any CPU
		{F9D8D3EB-7194-4CAA-8D68-E90CA03229B6}.Debug|iPhoneSimulator.Deploy.0 = Debug|Any CPU
		{F9D8D3EB-7194-4CAA-8D68-E90CA03229B6}.Release|Any CPU.ActiveCfg = Release|Any CPU
		{F9D8D3EB-7194-4CAA-8D68-E90CA03229B6}.Release|Any CPU.Build.0 = Release|Any CPU
		{F9D8D3EB-7194-4CAA-8D68-E90CA03229B6}.Release|Any CPU.Deploy.0 = Release|Any CPU
		{F9D8D3EB-7194-4CAA-8D68-E90CA03229B6}.Release|iPhone.ActiveCfg = Release|Any CPU
		{F9D8D3EB-7194-4CAA-8D68-E90CA03229B6}.Release|iPhone.Build.0 = Release|Any CPU
		{F9D8D3EB-7194-4CAA-8D68-E90CA03229B6}.Release|iPhone.Deploy.0 = Release|Any CPU
		{F9D8D3EB-7194-4CAA-8D68-E90CA03229B6}.Release|iPhoneSimulator.ActiveCfg = Release|Any CPU
		{F9D8D3EB-7194-4CAA-8D68-E90CA03229B6}.Release|iPhoneSimulator.Build.0 = Release|Any CPU
		{F9D8D3EB-7194-4CAA-8D68-E90CA03229B6}.Release|iPhoneSimulator.Deploy.0 = Release|Any CPU
		{003F3564-7B98-43F7-ADE0-311D8CD69960}.Debug|Any CPU.ActiveCfg = Debug|iPhone
		{003F3564-7B98-43F7-ADE0-311D8CD69960}.Debug|iPhone.ActiveCfg = Debug|iPhone
		{003F3564-7B98-43F7-ADE0-311D8CD69960}.Debug|iPhone.Build.0 = Debug|iPhone
		{003F3564-7B98-43F7-ADE0-311D8CD69960}.Debug|iPhoneSimulator.ActiveCfg = Debug|iPhoneSimulator
		{003F3564-7B98-43F7-ADE0-311D8CD69960}.Debug|iPhoneSimulator.Build.0 = Debug|iPhoneSimulator
		{003F3564-7B98-43F7-ADE0-311D8CD69960}.Release|Any CPU.ActiveCfg = Release|iPhone
		{003F3564-7B98-43F7-ADE0-311D8CD69960}.Release|iPhone.ActiveCfg = Release|iPhone
		{003F3564-7B98-43F7-ADE0-311D8CD69960}.Release|iPhone.Build.0 = Release|iPhone
		{003F3564-7B98-43F7-ADE0-311D8CD69960}.Release|iPhoneSimulator.ActiveCfg = Release|iPhoneSimulator
		{003F3564-7B98-43F7-ADE0-311D8CD69960}.Release|iPhoneSimulator.Build.0 = Release|iPhoneSimulator
		{43543A62-E730-44C1-B217-B8D03B8AC533}.Debug|Any CPU.ActiveCfg = Debug|Any CPU
		{43543A62-E730-44C1-B217-B8D03B8AC533}.Debug|Any CPU.Build.0 = Debug|Any CPU
		{43543A62-E730-44C1-B217-B8D03B8AC533}.Debug|iPhone.ActiveCfg = Debug|Any CPU
		{43543A62-E730-44C1-B217-B8D03B8AC533}.Debug|iPhone.Build.0 = Debug|Any CPU
		{43543A62-E730-44C1-B217-B8D03B8AC533}.Debug|iPhoneSimulator.ActiveCfg = Debug|Any CPU
		{43543A62-E730-44C1-B217-B8D03B8AC533}.Debug|iPhoneSimulator.Build.0 = Debug|Any CPU
		{43543A62-E730-44C1-B217-B8D03B8AC533}.Release|Any CPU.ActiveCfg = Release|Any CPU
		{43543A62-E730-44C1-B217-B8D03B8AC533}.Release|Any CPU.Build.0 = Release|Any CPU
		{43543A62-E730-44C1-B217-B8D03B8AC533}.Release|iPhone.ActiveCfg = Release|Any CPU
		{43543A62-E730-44C1-B217-B8D03B8AC533}.Release|iPhone.Build.0 = Release|Any CPU
		{43543A62-E730-44C1-B217-B8D03B8AC533}.Release|iPhoneSimulator.ActiveCfg = Release|Any CPU
		{43543A62-E730-44C1-B217-B8D03B8AC533}.Release|iPhoneSimulator.Build.0 = Release|Any CPU
		{0BBFD8A4-8E13-4C65-BD61-154D447705BA}.Debug|Any CPU.ActiveCfg = Debug|Any CPU
		{0BBFD8A4-8E13-4C65-BD61-154D447705BA}.Debug|Any CPU.Build.0 = Debug|Any CPU
		{0BBFD8A4-8E13-4C65-BD61-154D447705BA}.Debug|Any CPU.Deploy.0 = Debug|Any CPU
		{0BBFD8A4-8E13-4C65-BD61-154D447705BA}.Debug|iPhone.ActiveCfg = Debug|Any CPU
		{0BBFD8A4-8E13-4C65-BD61-154D447705BA}.Debug|iPhone.Build.0 = Debug|Any CPU
		{0BBFD8A4-8E13-4C65-BD61-154D447705BA}.Debug|iPhone.Deploy.0 = Debug|Any CPU
		{0BBFD8A4-8E13-4C65-BD61-154D447705BA}.Debug|iPhoneSimulator.ActiveCfg = Debug|Any CPU
		{0BBFD8A4-8E13-4C65-BD61-154D447705BA}.Debug|iPhoneSimulator.Build.0 = Debug|Any CPU
		{0BBFD8A4-8E13-4C65-BD61-154D447705BA}.Debug|iPhoneSimulator.Deploy.0 = Debug|Any CPU
		{0BBFD8A4-8E13-4C65-BD61-154D447705BA}.Release|Any CPU.ActiveCfg = Release|Any CPU
		{0BBFD8A4-8E13-4C65-BD61-154D447705BA}.Release|Any CPU.Build.0 = Release|Any CPU
		{0BBFD8A4-8E13-4C65-BD61-154D447705BA}.Release|Any CPU.Deploy.0 = Release|Any CPU
		{0BBFD8A4-8E13-4C65-BD61-154D447705BA}.Release|iPhone.ActiveCfg = Release|Any CPU
		{0BBFD8A4-8E13-4C65-BD61-154D447705BA}.Release|iPhone.Build.0 = Release|Any CPU
		{0BBFD8A4-8E13-4C65-BD61-154D447705BA}.Release|iPhone.Deploy.0 = Release|Any CPU
		{0BBFD8A4-8E13-4C65-BD61-154D447705BA}.Release|iPhoneSimulator.ActiveCfg = Release|Any CPU
		{0BBFD8A4-8E13-4C65-BD61-154D447705BA}.Release|iPhoneSimulator.Build.0 = Release|Any CPU
		{0BBFD8A4-8E13-4C65-BD61-154D447705BA}.Release|iPhoneSimulator.Deploy.0 = Release|Any CPU
		{6F9E16B6-0447-4D80-AA0B-C97F921EB2C7}.Debug|Any CPU.ActiveCfg = Debug|iPhone
		{6F9E16B6-0447-4D80-AA0B-C97F921EB2C7}.Debug|iPhone.ActiveCfg = Debug|iPhone
		{6F9E16B6-0447-4D80-AA0B-C97F921EB2C7}.Debug|iPhone.Build.0 = Debug|iPhone
		{6F9E16B6-0447-4D80-AA0B-C97F921EB2C7}.Debug|iPhoneSimulator.ActiveCfg = Debug|iPhoneSimulator
		{6F9E16B6-0447-4D80-AA0B-C97F921EB2C7}.Debug|iPhoneSimulator.Build.0 = Debug|iPhoneSimulator
		{6F9E16B6-0447-4D80-AA0B-C97F921EB2C7}.Release|Any CPU.ActiveCfg = Release|iPhone
		{6F9E16B6-0447-4D80-AA0B-C97F921EB2C7}.Release|iPhone.ActiveCfg = Release|iPhone
		{6F9E16B6-0447-4D80-AA0B-C97F921EB2C7}.Release|iPhone.Build.0 = Release|iPhone
		{6F9E16B6-0447-4D80-AA0B-C97F921EB2C7}.Release|iPhoneSimulator.ActiveCfg = Release|iPhoneSimulator
		{6F9E16B6-0447-4D80-AA0B-C97F921EB2C7}.Release|iPhoneSimulator.Build.0 = Release|iPhoneSimulator
		{ECAEA3A2-85BF-482D-A818-47879B4CA259}.Debug|Any CPU.ActiveCfg = Debug|Any CPU
		{ECAEA3A2-85BF-482D-A818-47879B4CA259}.Debug|Any CPU.Build.0 = Debug|Any CPU
		{ECAEA3A2-85BF-482D-A818-47879B4CA259}.Debug|iPhone.ActiveCfg = Debug|Any CPU
		{ECAEA3A2-85BF-482D-A818-47879B4CA259}.Debug|iPhone.Build.0 = Debug|Any CPU
		{ECAEA3A2-85BF-482D-A818-47879B4CA259}.Debug|iPhoneSimulator.ActiveCfg = Debug|Any CPU
		{ECAEA3A2-85BF-482D-A818-47879B4CA259}.Debug|iPhoneSimulator.Build.0 = Debug|Any CPU
		{ECAEA3A2-85BF-482D-A818-47879B4CA259}.Release|Any CPU.ActiveCfg = Release|Any CPU
		{ECAEA3A2-85BF-482D-A818-47879B4CA259}.Release|Any CPU.Build.0 = Release|Any CPU
		{ECAEA3A2-85BF-482D-A818-47879B4CA259}.Release|iPhone.ActiveCfg = Release|Any CPU
		{ECAEA3A2-85BF-482D-A818-47879B4CA259}.Release|iPhone.Build.0 = Release|Any CPU
		{ECAEA3A2-85BF-482D-A818-47879B4CA259}.Release|iPhoneSimulator.ActiveCfg = Release|Any CPU
		{ECAEA3A2-85BF-482D-A818-47879B4CA259}.Release|iPhoneSimulator.Build.0 = Release|Any CPU
		{7771665D-434A-4B95-A1C1-9C9DB1997B64}.Debug|Any CPU.ActiveCfg = Debug|Any CPU
		{7771665D-434A-4B95-A1C1-9C9DB1997B64}.Debug|Any CPU.Build.0 = Debug|Any CPU
		{7771665D-434A-4B95-A1C1-9C9DB1997B64}.Debug|iPhone.ActiveCfg = Debug|Any CPU
		{7771665D-434A-4B95-A1C1-9C9DB1997B64}.Debug|iPhone.Build.0 = Debug|Any CPU
		{7771665D-434A-4B95-A1C1-9C9DB1997B64}.Debug|iPhoneSimulator.ActiveCfg = Debug|Any CPU
		{7771665D-434A-4B95-A1C1-9C9DB1997B64}.Debug|iPhoneSimulator.Build.0 = Debug|Any CPU
		{7771665D-434A-4B95-A1C1-9C9DB1997B64}.Release|Any CPU.ActiveCfg = Release|Any CPU
		{7771665D-434A-4B95-A1C1-9C9DB1997B64}.Release|Any CPU.Build.0 = Release|Any CPU
		{7771665D-434A-4B95-A1C1-9C9DB1997B64}.Release|iPhone.ActiveCfg = Release|Any CPU
		{7771665D-434A-4B95-A1C1-9C9DB1997B64}.Release|iPhone.Build.0 = Release|Any CPU
		{7771665D-434A-4B95-A1C1-9C9DB1997B64}.Release|iPhoneSimulator.ActiveCfg = Release|Any CPU
		{7771665D-434A-4B95-A1C1-9C9DB1997B64}.Release|iPhoneSimulator.Build.0 = Release|Any CPU
		{4EB8CFD2-D2BF-4AE1-A9A2-5509B312CE03}.Debug|Any CPU.ActiveCfg = Debug|Any CPU
		{4EB8CFD2-D2BF-4AE1-A9A2-5509B312CE03}.Debug|Any CPU.Build.0 = Debug|Any CPU
		{4EB8CFD2-D2BF-4AE1-A9A2-5509B312CE03}.Debug|iPhone.ActiveCfg = Debug|Any CPU
		{4EB8CFD2-D2BF-4AE1-A9A2-5509B312CE03}.Debug|iPhone.Build.0 = Debug|Any CPU
		{4EB8CFD2-D2BF-4AE1-A9A2-5509B312CE03}.Debug|iPhoneSimulator.ActiveCfg = Debug|Any CPU
		{4EB8CFD2-D2BF-4AE1-A9A2-5509B312CE03}.Debug|iPhoneSimulator.Build.0 = Debug|Any CPU
		{4EB8CFD2-D2BF-4AE1-A9A2-5509B312CE03}.Release|Any CPU.ActiveCfg = Release|Any CPU
		{4EB8CFD2-D2BF-4AE1-A9A2-5509B312CE03}.Release|Any CPU.Build.0 = Release|Any CPU
		{4EB8CFD2-D2BF-4AE1-A9A2-5509B312CE03}.Release|iPhone.ActiveCfg = Release|Any CPU
		{4EB8CFD2-D2BF-4AE1-A9A2-5509B312CE03}.Release|iPhone.Build.0 = Release|Any CPU
		{4EB8CFD2-D2BF-4AE1-A9A2-5509B312CE03}.Release|iPhoneSimulator.ActiveCfg = Release|Any CPU
		{4EB8CFD2-D2BF-4AE1-A9A2-5509B312CE03}.Release|iPhoneSimulator.Build.0 = Release|Any CPU
	EndGlobalSection
	GlobalSection(SolutionProperties) = preSolution
		HideSolutionNode = FALSE
	EndGlobalSection
	GlobalSection(NestedProjects) = preSolution
		{45AEC18D-DB90-4270-86E5-45B456CB4426} = {3D323198-60F0-483E-BE4A-FD5F4907ACA0}
		{F869D97A-4E98-4C7A-A9EC-B95501F1BADE} = {3D323198-60F0-483E-BE4A-FD5F4907ACA0}
		{3D323198-60F0-483E-BE4A-FD5F4907ACA0} = {22AAF860-A68C-4FFB-8DF6-2385609D6198}
		{1FDC587E-FEB1-4A2C-A0D4-7A59FE1C1289} = {22AAF860-A68C-4FFB-8DF6-2385609D6198}
		{45EF8319-42E9-4095-8914-0EE539FA5711} = {1FDC587E-FEB1-4A2C-A0D4-7A59FE1C1289}
		{1C07D887-4667-4622-8E6E-1A3BC33B4B48} = {1FDC587E-FEB1-4A2C-A0D4-7A59FE1C1289}
		{F9D8D3EB-7194-4CAA-8D68-E90CA03229B6} = {45EF8319-42E9-4095-8914-0EE539FA5711}
		{003F3564-7B98-43F7-ADE0-311D8CD69960} = {45EF8319-42E9-4095-8914-0EE539FA5711}
		{43543A62-E730-44C1-B217-B8D03B8AC533} = {45EF8319-42E9-4095-8914-0EE539FA5711}
		{0BBFD8A4-8E13-4C65-BD61-154D447705BA} = {1C07D887-4667-4622-8E6E-1A3BC33B4B48}
		{6F9E16B6-0447-4D80-AA0B-C97F921EB2C7} = {1C07D887-4667-4622-8E6E-1A3BC33B4B48}
		{ECAEA3A2-85BF-482D-A818-47879B4CA259} = {1C07D887-4667-4622-8E6E-1A3BC33B4B48}
		{4EB8CFD2-D2BF-4AE1-A9A2-5509B312CE03} = {22AAF860-A68C-4FFB-8DF6-2385609D6198}
	EndGlobalSection
	GlobalSection(ExtensibilityGlobals) = postSolution
		SolutionGuid = {57D3BFF2-A86E-4DE8-B37D-092F7313BFCF}
	EndGlobalSection
EndGlobal
